{
  "version": "4",
  "specifiers": {
    "jsr:@hono/hono@^4.7.4": "4.7.4",
    "npm:discord-api-types@~0.37.119": "0.37.119",
    "npm:tweetnacl@^1.0.3": "1.0.3"
  },
  "jsr": {
    "@hono/hono@4.7.4": {
      "integrity": "c03c9cbe0fbfc4e51f3fee6502a7903aa4f9ef7c2c98635607b15eee14258825"
    }
  },
  "npm": {
    "discord-api-types@0.37.119": {
      "integrity": "sha512-WasbGFXEB+VQWXlo6IpW3oUv73Yuau1Ig4AZF/m13tXcTKnMpc/mHjpztIlz4+BM9FG9BHQkEXiPto3bKduQUg=="
    },
    "tweetnacl@1.0.3": {
      "integrity": "sha512-6rt+RN7aOi1nGMyC4Xa5DdYiukl2UWCbcJft7YhxReBGQD7OAM8Pbxw6YMo4r2diNEA8FEmu32YOn9rhaiE5yw=="
    }
  },
  "workspace": {
    "dependencies": [
      "jsr:@hono/hono@^4.7.4",
      "npm:discord-api-types@~0.37.119",
      "npm:tweetnacl@^1.0.3"
    ]
  }
}
